// !$*UTF8*$!
{
	archiveVersion = 1;
	classes = {
	};
	objectVersion = 46;
	objects = {

/* Begin PBXBuildFile section */
		6767EF401AED134400292EC7 /* main.m in Sources */ = {isa = PBXBuildFile; fileRef = 6767EF3F1AED134400292EC7 /* main.m */; };
		6767EF431AED134400292EC7 /* AppDelegate.m in Sources */ = {isa = PBXBuildFile; fileRef = 6767EF421AED134400292EC7 /* AppDelegate.m */; };
		6767EF461AED134400292EC7 /* ViewController.m in Sources */ = {isa = PBXBuildFile; fileRef = 6767EF451AED134400292EC7 /* ViewController.m */; };
		6767EF491AED134400292EC7 /* Main.storyboard in Resources */ = {isa = PBXBuildFile; fileRef = 6767EF471AED134400292EC7 /* Main.storyboard */; };
		6767EF4B1AED134400292EC7 /* Images.xcassets in Resources */ = {isa = PBXBuildFile; fileRef = 6767EF4A1AED134400292EC7 /* Images.xcassets */; };
		6767EF4E1AED134400292EC7 /* LaunchScreen.xib in Resources */ = {isa = PBXBuildFile; fileRef = 6767EF4C1AED134400292EC7 /* LaunchScreen.xib */; };
		6767EF5A1AED134400292EC7 /* YUAppExtensionsTests.m in Sources */ = {isa = PBXBuildFile; fileRef = 6767EF591AED134400292EC7 /* YUAppExtensionsTests.m */; };
		6767EFC01AED275400292EC7 /* ShareViewController.m in Sources */ = {isa = PBXBuildFile; fileRef = 6767EFBF1AED275400292EC7 /* ShareViewController.m */; };
		6767EFC21AED275400292EC7 /* MainInterface.storyboard in Resources */ = {isa = PBXBuildFile; fileRef = 6767EFC11AED275400292EC7 /* MainInterface.storyboard */; };
		6767EFC51AED275400292EC7 /* YUAppShare.appex in Embed App Extensions */ = {isa = PBXBuildFile; fileRef = 6767EFBA1AED275300292EC7 /* YUAppShare.appex */; settings = {ATTRIBUTES = (RemoveHeadersOnCopy, ); }; };
		6767EFCC1AED278500292EC7 /* UIApplication+Extension.m in Sources */ = {isa = PBXBuildFile; fileRef = 6767EFCB1AED278500292EC7 /* UIApplication+Extension.m */; };
		6767EFCD1AED278500292EC7 /* UIApplication+Extension.m in Sources */ = {isa = PBXBuildFile; fileRef = 6767EFCB1AED278500292EC7 /* UIApplication+Extension.m */; };
/* End PBXBuildFile section */

/* Begin PBXContainerItemProxy section */
		6767EF541AED134400292EC7 /* PBXContainerItemProxy */ = {
			isa = PBXContainerItemProxy;
			containerPortal = 6767EF321AED134400292EC7 /* Project object */;
			proxyType = 1;
			remoteGlobalIDString = 6767EF391AED134400292EC7;
			remoteInfo = YUAppExtensions;
		};
		6767EFC31AED275400292EC7 /* PBXContainerItemProxy */ = {
			isa = PBXContainerItemProxy;
			containerPortal = 6767EF321AED134400292EC7 /* Project object */;
			proxyType = 1;
			remoteGlobalIDString = 6767EFB91AED275300292EC7;
			remoteInfo = YUAppShare;
		};
/* End PBXContainerItemProxy section */

/* Begin PBXCopyFilesBuildPhase section */
		6767EFC91AED275400292EC7 /* Embed App Extensions */ = {
			isa = PBXCopyFilesBuildPhase;
			buildActionMask = 2147483647;
			dstPath = "";
			dstSubfolderSpec = 13;
			files = (
				6767EFC51AED275400292EC7 /* YUAppShare.appex in Embed App Extensions */,
			);
			name = "Embed App Extensions";
			runOnlyForDeploymentPostprocessing = 0;
		};
/* End PBXCopyFilesBuildPhase section */

/* Begin PBXFileReference section */
		6767EF3A1AED134400292EC7 /* YUAppExtensions.app */ = {isa = PBXFileReference; explicitFileType = wrapper.application; includeInIndex = 0; path = YUAppExtensions.app; sourceTree = BUILT_PRODUCTS_DIR; };
		6767EF3E1AED134400292EC7 /* Info.plist */ = {isa = PBXFileReference; lastKnownFileType = text.plist.xml; path = Info.plist; sourceTree = "<group>"; };
		6767EF3F1AED134400292EC7 /* main.m */ = {isa = PBXFileReference; lastKnownFileType = sourcecode.c.objc; path = main.m; sourceTree = "<group>"; };
		6767EF411AED134400292EC7 /* AppDelegate.h */ = {isa = PBXFileReference; lastKnownFileType = sourcecode.c.h; path = AppDelegate.h; sourceTree = "<group>"; };
		6767EF421AED134400292EC7 /* AppDelegate.m */ = {isa = PBXFileReference; lastKnownFileType = sourcecode.c.objc; path = AppDelegate.m; sourceTree = "<group>"; };
		6767EF441AED134400292EC7 /* ViewController.h */ = {isa = PBXFileReference; lastKnownFileType = sourcecode.c.h; path = ViewController.h; sourceTree = "<group>"; };
		6767EF451AED134400292EC7 /* ViewController.m */ = {isa = PBXFileReference; lastKnownFileType = sourcecode.c.objc; path = ViewController.m; sourceTree = "<group>"; };
		6767EF481AED134400292EC7 /* Base */ = {isa = PBXFileReference; lastKnownFileType = file.storyboard; name = Base; path = Base.lproj/Main.storyboard; sourceTree = "<group>"; };
		6767EF4A1AED134400292EC7 /* Images.xcassets */ = {isa = PBXFileReference; lastKnownFileType = folder.assetcatalog; path = Images.xcassets; sourceTree = "<group>"; };
		6767EF4D1AED134400292EC7 /* Base */ = {isa = PBXFileReference; lastKnownFileType = file.xib; name = Base; path = Base.lproj/LaunchScreen.xib; sourceTree = "<group>"; };
		6767EF531AED134400292EC7 /* YUAppExtensionsTests.xctest */ = {isa = PBXFileReference; explicitFileType = wrapper.cfbundle; includeInIndex = 0; path = YUAppExtensionsTests.xctest; sourceTree = BUILT_PRODUCTS_DIR; };
		6767EF581AED134400292EC7 /* Info.plist */ = {isa = PBXFileReference; lastKnownFileType = text.plist.xml; path = Info.plist; sourceTree = "<group>"; };
		6767EF591AED134400292EC7 /* YUAppExtensionsTests.m */ = {isa = PBXFileReference; lastKnownFileType = sourcecode.c.objc; path = YUAppExtensionsTests.m; sourceTree = "<group>"; };
		6767EFBA1AED275300292EC7 /* YUAppShare.appex */ = {isa = PBXFileReference; explicitFileType = "wrapper.app-extension"; includeInIndex = 0; path = YUAppShare.appex; sourceTree = BUILT_PRODUCTS_DIR; };
		6767EFBD1AED275400292EC7 /* Info.plist */ = {isa = PBXFileReference; lastKnownFileType = text.plist.xml; path = Info.plist; sourceTree = "<group>"; };
		6767EFBE1AED275400292EC7 /* ShareViewController.h */ = {isa = PBXFileReference; lastKnownFileType = sourcecode.c.h; path = ShareViewController.h; sourceTree = "<group>"; };
		6767EFBF1AED275400292EC7 /* ShareViewController.m */ = {isa = PBXFileReference; lastKnownFileType = sourcecode.c.objc; path = ShareViewController.m; sourceTree = "<group>"; };
		6767EFC11AED275400292EC7 /* MainInterface.storyboard */ = {isa = PBXFileReference; lastKnownFileType = file.storyboard; path = MainInterface.storyboard; sourceTree = "<group>"; };
		6767EFCA1AED278500292EC7 /* UIApplication+Extension.h */ = {isa = PBXFileReference; fileEncoding = 4; lastKnownFileType = sourcecode.c.h; path = "UIApplication+Extension.h"; sourceTree = "<group>"; };
		6767EFCB1AED278500292EC7 /* UIApplication+Extension.m */ = {isa = PBXFileReference; fileEncoding = 4; lastKnownFileType = sourcecode.c.objc; path = "UIApplication+Extension.m"; sourceTree = "<group>"; };
/* End PBXFileReference section */

/* Begin PBXFrameworksBuildPhase section */
		6767EF371AED134400292EC7 /* Frameworks */ = {
			isa = PBXFrameworksBuildPhase;
			buildActionMask = 2147483647;
			files = (
			);
			runOnlyForDeploymentPostprocessing = 0;
		};
		6767EF501AED134400292EC7 /* Frameworks */ = {
			isa = PBXFrameworksBuildPhase;
			buildActionMask = 2147483647;
			files = (
			);
			runOnlyForDeploymentPostprocessing = 0;
		};
		6767EFB71AED275300292EC7 /* Frameworks */ = {
			isa = PBXFrameworksBuildPhase;
			buildActionMask = 2147483647;
			files = (
			);
			runOnlyForDeploymentPostprocessing = 0;
		};
/* End PBXFrameworksBuildPhase section */

/* Begin PBXGroup section */
		6767EF311AED134400292EC7 = {
			isa = PBXGroup;
			children = (
				6767EF3C1AED134400292EC7 /* YUAppExtensions */,
				6767EF561AED134400292EC7 /* YUAppExtensionsTests */,
				6767EFBB1AED275400292EC7 /* YUAppShare */,
				6767EF3B1AED134400292EC7 /* Products */,
			);
			sourceTree = "<group>";
		};
		6767EF3B1AED134400292EC7 /* Products */ = {
			isa = PBXGroup;
			children = (
				6767EF3A1AED134400292EC7 /* YUAppExtensions.app */,
				6767EF531AED134400292EC7 /* YUAppExtensionsTests.xctest */,
				6767EFBA1AED275300292EC7 /* YUAppShare.appex */,
			);
			name = Products;
			sourceTree = "<group>";
		};
		6767EF3C1AED134400292EC7 /* YUAppExtensions */ = {
			isa = PBXGroup;
			children = (
				6767EFCA1AED278500292EC7 /* UIApplication+Extension.h */,
				6767EFCB1AED278500292EC7 /* UIApplication+Extension.m */,
				6767EF411AED134400292EC7 /* AppDelegate.h */,
				6767EF421AED134400292EC7 /* AppDelegate.m */,
				6767EF441AED134400292EC7 /* ViewController.h */,
				6767EF451AED134400292EC7 /* ViewController.m */,
				6767EF471AED134400292EC7 /* Main.storyboard */,
				6767EF4A1AED134400292EC7 /* Images.xcassets */,
				6767EF4C1AED134400292EC7 /* LaunchScreen.xib */,
				6767EF3D1AED134400292EC7 /* Supporting Files */,
			);
			path = YUAppExtensions;
			sourceTree = "<group>";
		};
		6767EF3D1AED134400292EC7 /* Supporting Files */ = {
			isa = PBXGroup;
			children = (
				6767EF3E1AED134400292EC7 /* Info.plist */,
				6767EF3F1AED134400292EC7 /* main.m */,
			);
			name = "Supporting Files";
			sourceTree = "<group>";
		};
		6767EF561AED134400292EC7 /* YUAppExtensionsTests */ = {
			isa = PBXGroup;
			children = (
				6767EF591AED134400292EC7 /* YUAppExtensionsTests.m */,
				6767EF571AED134400292EC7 /* Supporting Files */,
			);
			path = YUAppExtensionsTests;
			sourceTree = "<group>";
		};
		6767EF571AED134400292EC7 /* Supporting Files */ = {
			isa = PBXGroup;
			children = (
				6767EF581AED134400292EC7 /* Info.plist */,
			);
			name = "Supporting Files";
			sourceTree = "<group>";
		};
		6767EFBB1AED275400292EC7 /* YUAppShare */ = {
			isa = PBXGroup;
			children = (
				6767EFBE1AED275400292EC7 /* ShareViewController.h */,
				6767EFBF1AED275400292EC7 /* ShareViewController.m */,
				6767EFC11AED275400292EC7 /* MainInterface.storyboard */,
				6767EFBC1AED275400292EC7 /* Supporting Files */,
			);
			path = YUAppShare;
			sourceTree = "<group>";
		};
		6767EFBC1AED275400292EC7 /* Supporting Files */ = {
			isa = PBXGroup;
			children = (
				6767EFBD1AED275400292EC7 /* Info.plist */,
			);
			name = "Supporting Files";
			sourceTree = "<group>";
		};
/* End PBXGroup section */

/* Begin PBXNativeTarget section */
		6767EF391AED134400292EC7 /* YUAppExtensions */ = {
			isa = PBXNativeTarget;
			buildConfigurationList = 6767EF5D1AED134400292EC7 /* Build configuration list for PBXNativeTarget "YUAppExtensions" */;
			buildPhases = (
				6767EF361AED134400292EC7 /* Sources */,
				6767EF371AED134400292EC7 /* Frameworks */,
				6767EF381AED134400292EC7 /* Resources */,
				6767EFC91AED275400292EC7 /* Embed App Extensions */,
			);
			buildRules = (
			);
			dependencies = (
				6767EFC41AED275400292EC7 /* PBXTargetDependency */,
			);
			name = YUAppExtensions;
			productName = YUAppExtensions;
			productReference = 6767EF3A1AED134400292EC7 /* YUAppExtensions.app */;
			productType = "com.apple.product-type.application";
		};
		6767EF521AED134400292EC7 /* YUAppExtensionsTests */ = {
			isa = PBXNativeTarget;
			buildConfigurationList = 6767EF601AED134400292EC7 /* Build configuration list for PBXNativeTarget "YUAppExtensionsTests" */;
			buildPhases = (
				6767EF4F1AED134400292EC7 /* Sources */,
				6767EF501AED134400292EC7 /* Frameworks */,
				6767EF511AED134400292EC7 /* Resources */,
			);
			buildRules = (
			);
			dependencies = (
				6767EF551AED134400292EC7 /* PBXTargetDependency */,
			);
			name = YUAppExtensionsTests;
			productName = YUAppExtensionsTests;
			productReference = 6767EF531AED134400292EC7 /* YUAppExtensionsTests.xctest */;
			productType = "com.apple.product-type.bundle.unit-test";
		};
		6767EFB91AED275300292EC7 /* YUAppShare */ = {
			isa = PBXNativeTarget;
			buildConfigurationList = 6767EFC81AED275400292EC7 /* Build configuration list for PBXNativeTarget "YUAppShare" */;
			buildPhases = (
				6767EFB61AED275300292EC7 /* Sources */,
				6767EFB71AED275300292EC7 /* Frameworks */,
				6767EFB81AED275300292EC7 /* Resources */,
			);
			buildRules = (
			);
			dependencies = (
			);
			name = YUAppShare;
			productName = YUAppShare;
			productReference = 6767EFBA1AED275300292EC7 /* YUAppShare.appex */;
			productType = "com.apple.product-type.app-extension";
		};
/* End PBXNativeTarget section */

/* Begin PBXProject section */
		6767EF321AED134400292EC7 /* Project object */ = {
			isa = PBXProject;
			attributes = {
				LastUpgradeCheck = 0630;
				ORGANIZATIONNAME = BruceYu;
				TargetAttributes = {
					6767EF391AED134400292EC7 = {
						CreatedOnToolsVersion = 6.3;
					};
					6767EF521AED134400292EC7 = {
						CreatedOnToolsVersion = 6.3;
						TestTargetID = 6767EF391AED134400292EC7;
					};
					6767EFB91AED275300292EC7 = {
						CreatedOnToolsVersion = 6.3;
					};
				};
			};
			buildConfigurationList = 6767EF351AED134400292EC7 /* Build configuration list for PBXProject "YUAppExtensions" */;
			compatibilityVersion = "Xcode 3.2";
			developmentRegion = English;
			hasScannedForEncodings = 0;
			knownRegions = (
				en,
				Base,
			);
			mainGroup = 6767EF311AED134400292EC7;
			productRefGroup = 6767EF3B1AED134400292EC7 /* Products */;
			projectDirPath = "";
			projectRoot = "";
			targets = (
				6767EF391AED134400292EC7 /* YUAppExtensions */,
				6767EF521AED134400292EC7 /* YUAppExtensionsTests */,
				6767EFB91AED275300292EC7 /* YUAppShare */,
			);
		};
/* End PBXProject section */

/* Begin PBXResourcesBuildPhase section */
		6767EF381AED134400292EC7 /* Resources */ = {
			isa = PBXResourcesBuildPhase;
			buildActionMask = 2147483647;
			files = (
				6767EF491AED134400292EC7 /* Main.storyboard in Resources */,
				6767EF4E1AED134400292EC7 /* LaunchScreen.xib in Resources */,
				6767EF4B1AED134400292EC7 /* Images.xcassets in Resources */,
			);
			runOnlyForDeploymentPostprocessing = 0;
		};
		6767EF511AED134400292EC7 /* Resources */ = {
			isa = PBXResourcesBuildPhase;
			buildActionMask = 2147483647;
			files = (
			);
			runOnlyForDeploymentPostprocessing = 0;
		};
		6767EFB81AED275300292EC7 /* Resources */ = {
			isa = PBXResourcesBuildPhase;
			buildActionMask = 2147483647;
			files = (
				6767EFC21AED275400292EC7 /* MainInterface.storyboard in Resources */,
			);
			runOnlyForDeploymentPostprocessing = 0;
		};
/* End PBXResourcesBuildPhase section */

/* Begin PBXSourcesBuildPhase section */
		6767EF361AED134400292EC7 /* Sources */ = {
			isa = PBXSourcesBuildPhase;
			buildActionMask = 2147483647;
			files = (
				6767EF461AED134400292EC7 /* ViewController.m in Sources */,
				6767EF431AED134400292EC7 /* AppDelegate.m in Sources */,
				6767EFCC1AED278500292EC7 /* UIApplication+Extension.m in Sources */,
				6767EF401AED134400292EC7 /* main.m in Sources */,
			);
			runOnlyForDeploymentPostprocessing = 0;
		};
		6767EF4F1AED134400292EC7 /* Sources */ = {
			isa = PBXSourcesBuildPhase;
			buildActionMask = 2147483647;
			files = (
				6767EF5A1AED134400292EC7 /* YUAppExtensionsTests.m in Sources */,
			);
			runOnlyForDeploymentPostprocessing = 0;
		};
		6767EFB61AED275300292EC7 /* Sources */ = {
			isa = PBXSourcesBuildPhase;
			buildActionMask = 2147483647;
			files = (
				6767EFCD1AED278500292EC7 /* UIApplication+Extension.m in Sources */,
				6767EFC01AED275400292EC7 /* ShareViewController.m in Sources */,
			);
			runOnlyForDeploymentPostprocessing = 0;
		};
/* End PBXSourcesBuildPhase section */

/* Begin PBXTargetDependency section */
		6767EF551AED134400292EC7 /* PBXTargetDependency */ = {
			isa = PBXTargetDependency;
			target = 6767EF391AED134400292EC7 /* YUAppExtensions */;
			targetProxy = 6767EF541AED134400292EC7 /* PBXContainerItemProxy */;
		};
		6767EFC41AED275400292EC7 /* PBXTargetDependency */ = {
			isa = PBXTargetDependency;
			target = 6767EFB91AED275300292EC7 /* YUAppShare */;
			targetProxy = 6767EFC31AED275400292EC7 /* PBXContainerItemProxy */;
		};
/* End PBXTargetDependency section */

/* Begin PBXVariantGroup section */
		6767EF471AED134400292EC7 /* Main.storyboard */ = {
			isa = PBXVariantGroup;
			children = (
				6767EF481AED134400292EC7 /* Base */,
			);
			name = Main.storyboard;
			sourceTree = "<group>";
		};
		6767EF4C1AED134400292EC7 /* LaunchScreen.xib */ = {
			isa = PBXVariantGroup;
			children = (
				6767EF4D1AED134400292EC7 /* Base */,
			);
			name = LaunchScreen.xib;
			sourceTree = "<group>";
		};
/* End PBXVariantGroup section */

/* Begin XCBuildConfiguration section */
		6767EF5B1AED134400292EC7 /* Debug */ = {
			isa = XCBuildConfiguration;
			buildSettings = {
				ALWAYS_SEARCH_USER_PATHS = NO;
				CLANG_CXX_LANGUAGE_STANDARD = "gnu++0x";
				CLANG_CXX_LIBRARY = "libc++";
				CLANG_ENABLE_MODULES = YES;
				CLANG_ENABLE_OBJC_ARC = YES;
				CLANG_WARN_BOOL_CONVERSION = YES;
				CLANG_WARN_CONSTANT_CONVERSION = YES;
				CLANG_WARN_DIRECT_OBJC_ISA_USAGE = YES_ERROR;
				CLANG_WARN_EMPTY_BODY = YES;
				CLANG_WARN_ENUM_CONVERSION = YES;
				CLANG_WARN_INT_CONVERSION = YES;
				CLANG_WARN_OBJC_ROOT_CLASS = YES_ERROR;
				CLANG_WARN_UNREACHABLE_CODE = YES;
				CLANG_WARN__DUPLICATE_METHOD_MATCH = YES;
				"CODE_SIGN_IDENTITY[sdk=iphoneos*]" = "iPhone Developer";
				COPY_PHASE_STRIP = NO;
				DEBUG_INFORMATION_FORMAT = "dwarf-with-dsym";
				ENABLE_STRICT_OBJC_MSGSEND = YES;
				GCC_C_LANGUAGE_STANDARD = gnu99;
				GCC_DYNAMIC_NO_PIC = NO;
				GCC_NO_COMMON_BLOCKS = YES;
				GCC_OPTIMIZATION_LEVEL = 0;
				GCC_PREPROCESSOR_DEFINITIONS = (
					"DEBUG=1",
					"$(inherited)",
				);
				GCC_SYMBOLS_PRIVATE_EXTERN = NO;
				GCC_WARN_64_TO_32_BIT_CONVERSION = YES;
				GCC_WARN_ABOUT_RETURN_TYPE = YES_ERROR;
				GCC_WARN_UNDECLARED_SELECTOR = YES;
				GCC_WARN_UNINITIALIZED_AUTOS = YES_AGGRESSIVE;
				GCC_WARN_UNUSED_FUNCTION = YES;
				GCC_WARN_UNUSED_VARIABLE = YES;
				IPHONEOS_DEPLOYMENT_TARGET = 8.3;
				MTL_ENABLE_DEBUG_INFO = YES;
				ONLY_ACTIVE_ARCH = YES;
				SDKROOT = iphoneos;
			};
			name = Debug;
		};
		6767EF5C1AED134400292EC7 /* Release */ = {
			isa = XCBuildConfiguration;
			buildSettings = {
				ALWAYS_SEARCH_USER_PATHS = NO;
				CLANG_CXX_LANGUAGE_STANDARD = "gnu++0x";
				CLANG_CXX_LIBRARY = "libc++";
				CLANG_ENABLE_MODULES = YES;
				CLANG_ENABLE_OBJC_ARC = YES;
				CLANG_WARN_BOOL_CONVERSION = YES;
				CLANG_WARN_CONSTANT_CONVERSION = YES;
				CLANG_WARN_DIRECT_OBJC_ISA_USAGE = YES_ERROR;
				CLANG_WARN_EMPTY_BODY = YES;
				CLANG_WARN_ENUM_CONVERSION = YES;
				CLANG_WARN_INT_CONVERSION = YES;
				CLANG_WARN_OBJC_ROOT_CLASS = YES_ERROR;
				CLANG_WARN_UNREACHABLE_CODE = YES;
				CLANG_WARN__DUPLICATE_METHOD_MATCH = YES;
				"CODE_SIGN_IDENTITY[sdk=iphoneos*]" = "iPhone Developer";
				COPY_PHASE_STRIP = NO;
				DEBUG_INFORMATION_FORMAT = "dwarf-with-dsym";
				ENABLE_NS_ASSERTIONS = NO;
				ENABLE_STRICT_OBJC_MSGSEND = YES;
				GCC_C_LANGUAGE_STANDARD = gnu99;
				GCC_NO_COMMON_BLOCKS = YES;
				GCC_WARN_64_TO_32_BIT_CONVERSION = YES;
				GCC_WARN_ABOUT_RETURN_TYPE = YES_ERROR;
				GCC_WARN_UNDECLARED_SELECTOR = YES;
				GCC_WARN_UNINITIALIZED_AUTOS = YES_AGGRESSIVE;
				GCC_WARN_UNUSED_FUNCTION = YES;
				GCC_WARN_UNUSED_VARIABLE = YES;
				IPHONEOS_DEPLOYMENT_TARGET = 8.3;
				MTL_ENABLE_DEBUG_INFO = NO;
				SDKROOT = iphoneos;
				VALIDATE_PRODUCT = YES;
			};
			name = Release;
		};
		6767EF5E1AED134400292EC7 /* Debug */ = {
			isa = XCBuildConfiguration;
			buildSettings = {
				ASSETCATALOG_COMPILER_APPICON_NAME = AppIcon;
				INFOPLIST_FILE = YUAppExtensions/Info.plist;
				LD_RUNPATH_SEARCH_PATHS = "$(inherited) @executable_path/Frameworks";
				PRODUCT_NAME = "$(TARGET_NAME)";
			};
			name = Debug;
		};
		6767EF5F1AED134400292EC7 /* Release */ = {
			isa = XCBuildConfiguration;
			buildSettings = {
				ASSETCATALOG_COMPILER_APPICON_NAME = AppIcon;
				INFOPLIST_FILE = YUAppExtensions/Info.plist;
				LD_RUNPATH_SEARCH_PATHS = "$(inherited) @executable_path/Frameworks";
				PRODUCT_NAME = "$(TARGET_NAME)";
			};
			name = Release;
		};
		6767EF611AED134400292EC7 /* Debug */ = {
			isa = XCBuildConfiguration;
			buildSettings = {
				BUNDLE_LOADER = "$(TEST_HOST)";
				FRAMEWORK_SEARCH_PATHS = (
					"$(SDKROOT)/Developer/Library/Frameworks",
					"$(inherited)",
				);
				GCC_PREPROCESSOR_DEFINITIONS = (
					"DEBUG=1",
					"$(inherited)",
				);
				INFOPLIST_FILE = YUAppExtensionsTests/Info.plist;
				LD_RUNPATH_SEARCH_PATHS = "$(inherited) @executable_path/Frameworks @loader_path/Frameworks";
				PRODUCT_NAME = "$(TARGET_NAME)";
				TEST_HOST = "$(BUILT_PRODUCTS_DIR)/YUAppExtensions.app/YUAppExtensions";
			};
			name = Debug;
		};
		6767EF621AED134400292EC7 /* Release */ = {
			isa = XCBuildConfiguration;
			buildSettings = {
				BUNDLE_LOADER = "$(TEST_HOST)";
				FRAMEWORK_SEARCH_PATHS = (
					"$(SDKROOT)/Developer/Library/Frameworks",
					"$(inherited)",
				);
				INFOPLIST_FILE = YUAppExtensionsTests/Info.plist;
				LD_RUNPATH_SEARCH_PATHS = "$(inherited) @executable_path/Frameworks @loader_path/Frameworks";
				PRODUCT_NAME = "$(TARGET_NAME)";
				TEST_HOST = "$(BUILT_PRODUCTS_DIR)/YUAppExtensions.app/YUAppExtensions";
			};
			name = Release;
		};
		6767EFC61AED275400292EC7 /* Debug */ = {
			isa = XCBuildConfiguration;
			buildSettings = {
				GCC_PREPROCESSOR_DEFINITIONS = (
					"DEBUG=1",
					"$(inherited)",
				);
				INFOPLIST_FILE = YUAppShare/Info.plist;
				LD_RUNPATH_SEARCH_PATHS = "$(inherited) @executable_path/Frameworks @executable_path/../../Frameworks";
				PRODUCT_NAME = "$(TARGET_NAME)";
				SKIP_INSTALL = YES;
			};
			name = Debug;
		};
		6767EFC71AED275400292EC7 /* Release */ = {
			isa = XCBuildConfiguration;
			buildSettings = {
				INFOPLIST_FILE = YUAppShare/Info.plist;
				LD_RUNPATH_SEARCH_PATHS = "$(inherited) @executable_path/Frameworks @executable_path/../../Frameworks";
				PRODUCT_NAME = "$(TARGET_NAME)";
				SKIP_INSTALL = YES;
			};
			name = Release;
		};
/* End XCBuildConfiguration section */

/* Begin XCConfigurationList section */
		6767EF351AED134400292EC7 /* Build configuration list for PBXProject "YUAppExtensions" */ = {
			isa = XCConfigurationList;
			buildConfigurations = (
				6767EF5B1AED134400292EC7 /* Debug */,
				6767EF5C1AED134400292EC7 /* Release */,
			);
			defaultConfigurationIsVisible = 0;
			defaultConfigurationName = Release;
		};
		6767EF5D1AED134400292EC7 /* Build configuration list for PBXNativeTarget "YUAppExtensions" */ = {
			isa = XCConfigurationList;
			buildConfigurations = (
				6767EF5E1AED134400292EC7 /* Debug */,
				6767EF5F1AED134400292EC7 /* Release */,
			);
			defaultConfigurationIsVisible = 0;
			defaultConfigurationName = Release;
		};
		6767EF601AED134400292EC7 /* Build configuration list for PBXNativeTarget "YUAppExtensionsTests" */ = {
			isa = XCConfigurationList;
			buildConfigurations = (
				6767EF611AED134400292EC7 /* Debug */,
				6767EF621AED134400292EC7 /* Release */,
			);
			defaultConfigurationIsVisible = 0;
			defaultConfigurationName = Release;
		};
		6767EFC81AED275400292EC7 /* Build configuration list for PBXNativeTarget "YUAppShare" */ = {
			isa = XCConfigurationList;
			buildConfigurations = (
				6767EFC61AED275400292EC7 /* Debug */,
				6767EFC71AED275400292EC7 /* Release */,
			);
			defaultConfigurationIsVisible = 0;
		};
/* End XCConfigurationList section */
	};
	rootObject = 6767EF321AED134400292EC7 /* Project object */;
}
